# THIS IS AN AUTOGENERATED FILE. DO NOT EDIT THIS FILE DIRECTLY.
# yarn lockfile v1


"@types/node@^8.0.14":
  version "8.0.14"
  resolved "https://registry.yarnpkg.com/@types/node/-/node-8.0.14.tgz#4a19dc6bb61d16c01cbadc7b30ac23518fff176b"

"lambda-native-binary-helper@https://github.com/bedatse/lambda-native-bin-helper.git":
  version "1.0.0"
  resolved "https://github.com/bedatse/lambda-native-bin-helper.git#e580de78e052a6f8261c5ed49998e6eb9000e42a"

typescript@^2.4.1:
  version "2.4.1"
  resolved "https://registry.yarnpkg.com/typescript/-/typescript-2.4.1.tgz#c3ccb16ddaa0b2314de031e7e6fee89e5ba346bc"
